
Microsoft Visual Studio Solution File, Format Version 12.00
# Visual Studio Version 17
VisualStudioVersion = 17.1.32414.318
MinimumVisualStudioVersion = 10.0.40219.1
Project("{9A19103F-16F7-4668-BE54-9A1E7A4F7556}") = "WorkSpaceManagemetApi", "WorkSpaceManagemetApi\WorkSpaceManagemetApi.csproj", "{4D5900E1-FE9D-4C9C-860F-81AFDE3B00F7}"
EndProject
Project("{FAE04EC0-301F-11D3-BF4B-00C04F79EFBC}") = "WorkspaceManagement.BusinessLayer", "WorkspaceManagement.BusinessLayer\WorkspaceManagement.BusinessLayer.csproj", "{A735618B-0D4D-4ECE-B3F6-0625ABC81717}"
EndProject
Project("{FAE04EC0-301F-11D3-BF4B-00C04F79EFBC}") = "WorkspaceManagement.DataAccessLayer", "WorkspaceManagement.DataAccessLayer\WorkspaceManagement.DataAccessLayer.csproj", "{5E850A64-86AA-4868-AD05-DEA71598FE07}"
EndProject
Global
	GlobalSection(SolutionConfigurationPlatforms) = preSolution
		Debug|Any CPU = Debug|Any CPU
		Release|Any CPU = Release|Any CPU
	EndGlobalSection
	GlobalSection(ProjectConfigurationPlatforms) = postSolution
		{4D5900E1-FE9D-4C9C-860F-81AFDE3B00F7}.Debug|Any CPU.ActiveCfg = Debug|Any CPU
		{4D5900E1-FE9D-4C9C-860F-81AFDE3B00F7}.Debug|Any CPU.Build.0 = Debug|Any CPU
		{4D5900E1-FE9D-4C9C-860F-81AFDE3B00F7}.Release|Any CPU.ActiveCfg = Release|Any CPU
		{4D5900E1-FE9D-4C9C-860F-81AFDE3B00F7}.Release|Any CPU.Build.0 = Release|Any CPU
		{A735618B-0D4D-4ECE-B3F6-0625ABC81717}.Debug|Any CPU.ActiveCfg = Debug|Any CPU
		{A735618B-0D4D-4ECE-B3F6-0625ABC81717}.Debug|Any CPU.Build.0 = Debug|Any CPU
		{A735618B-0D4D-4ECE-B3F6-0625ABC81717}.Release|Any CPU.ActiveCfg = Release|Any CPU
		{A735618B-0D4D-4ECE-B3F6-0625ABC81717}.Release|Any CPU.Build.0 = Release|Any CPU
		{5E850A64-86AA-4868-AD05-DEA71598FE07}.Debug|Any CPU.ActiveCfg = Debug|Any CPU
		{5E850A64-86AA-4868-AD05-DEA71598FE07}.Debug|Any CPU.Build.0 = Debug|Any CPU
		{5E850A64-86AA-4868-AD05-DEA71598FE07}.Release|Any CPU.ActiveCfg = Release|Any CPU
		{5E850A64-86AA-4868-AD05-DEA71598FE07}.Release|Any CPU.Build.0 = Release|Any CPU
	EndGlobalSection
	GlobalSection(SolutionProperties) = preSolution
		HideSolutionNode = FALSE
	EndGlobalSection
	GlobalSection(ExtensibilityGlobals) = postSolution
		SolutionGuid = {82A27DFC-43EE-4F88-AC90-49C24C1B550A}
	EndGlobalSection
EndGlobal
